# THIS IS AN AUTOGENERATED FILE. DO NOT EDIT THIS FILE DIRECTLY.
# yarn lockfile v1


jwt-decode@^4.0.0:
  version "4.0.0"
  resolved "https://registry.yarnpkg.com/jwt-decode/-/jwt-decode-4.0.0.tgz#2270352425fd413785b2faf11f6e755c5151bd4b"
  integrity sha512-+KJGIyHgkGuIq3IEBNftfhW/LfWhXUIY6OmyVWjliu5KH1y0fw7VQ8YndE2O4qZdMSd9SqbnC8GOcZEy0Om7sA==

oidc-client-ts@^3.0.0-rc.0:
  version "3.0.0-rc.0"
  resolved "https://registry.yarnpkg.com/oidc-client-ts/-/oidc-client-ts-3.0.0-rc.0.tgz#7bcb39d2979cf1b45eaafad5890a09fc3874aaa4"
  integrity sha512-xJNUNrx+o21+IQjSw6rih3xM1B2wnILA/Sv6TEQrA+ghU4gNwpMHPnT4L2I/tH0KIIs86zca8/8wvoZ7HGOtjw==
  dependencies:
    jwt-decode "^4.0.0"

react-oidc-context@^3.0.0-beta.0:
  version "3.0.0-beta.0"
  resolved "https://registry.yarnpkg.com/react-oidc-context/-/react-oidc-context-3.0.0-beta.0.tgz#78e1570d0a258122eee79eab4aca1447c392ec86"
  integrity sha512-Y3WjJ+2qBpNqkX7DTnYc2WRLhXajX2tCv2S5rSB05J9IOjAOBYPXArIlHbjp6UWnSBW8rGbobmoRB9clrqIcWg==
